// !$*UTF8*$!
{
	archiveVersion = 1;
	classes = {
	};
	objectVersion = 55;
	objects = {

/* Begin PBXBuildFile section */
		07D1854552F9B99562C94864 /* Pods_DGVTests.framework in Frameworks */ = {isa = PBXBuildFile; fileRef = 572C70D0FD33A1C91E0BA26D /* Pods_DGVTests.framework */; };
		290F4A35275DF18A00980270 /* Constants.swift in Sources */ = {isa = PBXBuildFile; fileRef = 290F4A34275DF18A00980270 /* Constants.swift */; };
		290F4A39275E0D3C00980270 /* MyAlamofireManager.swift in Sources */ = {isa = PBXBuildFile; fileRef = 290F4A38275E0D3C00980270 /* MyAlamofireManager.swift */; };
		290F4A3B275E0E2800980270 /* BaseInterceptor.swift in Sources */ = {isa = PBXBuildFile; fileRef = 290F4A3A275E0E2800980270 /* BaseInterceptor.swift */; };
		290F4A3D275E190B00980270 /* MyLogger.swift in Sources */ = {isa = PBXBuildFile; fileRef = 290F4A3C275E190B00980270 /* MyLogger.swift */; };
		290F4A3F275E1A4000980270 /* MyApiStatusLogger.swift in Sources */ = {isa = PBXBuildFile; fileRef = 290F4A3E275E1A4000980270 /* MyApiStatusLogger.swift */; };
		290F4A41275F4A7600980270 /* MySearchRouter.swift in Sources */ = {isa = PBXBuildFile; fileRef = 290F4A40275F4A7600980270 /* MySearchRouter.swift */; };
		295739582758A9A8006F0157 /* AppDelegate.swift in Sources */ = {isa = PBXBuildFile; fileRef = 295739572758A9A8006F0157 /* AppDelegate.swift */; };
		2957395A2758A9A8006F0157 /* SceneDelegate.swift in Sources */ = {isa = PBXBuildFile; fileRef = 295739592758A9A8006F0157 /* SceneDelegate.swift */; };
		2957395C2758A9A8006F0157 /* MovieListViewController.swift in Sources */ = {isa = PBXBuildFile; fileRef = 2957395B2758A9A8006F0157 /* MovieListViewController.swift */; };
		2957395F2758A9A8006F0157 /* Main.storyboard in Resources */ = {isa = PBXBuildFile; fileRef = 2957395D2758A9A8006F0157 /* Main.storyboard */; };
		295739612758A9AA006F0157 /* Assets.xcassets in Resources */ = {isa = PBXBuildFile; fileRef = 295739602758A9AA006F0157 /* Assets.xcassets */; };
		295739642758A9AA006F0157 /* LaunchScreen.storyboard in Resources */ = {isa = PBXBuildFile; fileRef = 295739622758A9AA006F0157 /* LaunchScreen.storyboard */; };
		2957396F2758A9AB006F0157 /* DGVTests.swift in Sources */ = {isa = PBXBuildFile; fileRef = 2957396E2758A9AB006F0157 /* DGVTests.swift */; };
		295739792758A9AB006F0157 /* DGVUITests.swift in Sources */ = {isa = PBXBuildFile; fileRef = 295739782758A9AB006F0157 /* DGVUITests.swift */; };
		2957397B2758A9AB006F0157 /* DGVUITestsLaunchTests.swift in Sources */ = {isa = PBXBuildFile; fileRef = 2957397A2758A9AB006F0157 /* DGVUITestsLaunchTests.swift */; };
		2957398B275B6E33006F0157 /* Movie.swift in Sources */ = {isa = PBXBuildFile; fileRef = 2957398A275B6E32006F0157 /* Movie.swift */; };
		2957398E275B82B2006F0157 /* SCDream3.otf in Resources */ = {isa = PBXBuildFile; fileRef = 2957398D275B82B2006F0157 /* SCDream3.otf */; };
		29573990275B82BE006F0157 /* SCDream5.otf in Resources */ = {isa = PBXBuildFile; fileRef = 2957398F275B82BE006F0157 /* SCDream5.otf */; };
		29969F14275CAAA00020E172 /* MovieListCell.swift in Sources */ = {isa = PBXBuildFile; fileRef = 29969F13275CAAA00020E172 /* MovieListCell.swift */; };
		76B2094B2E86F2A79B74A33D /* Pods_DGV_DGVUITests.framework in Frameworks */ = {isa = PBXBuildFile; fileRef = 9357C213363906E1BCB7582B /* Pods_DGV_DGVUITests.framework */; };
		C61DB30AE355EAF31CEF3D16 /* Pods_DGV.framework in Frameworks */ = {isa = PBXBuildFile; fileRef = 603B92E68D28F24F109362A9 /* Pods_DGV.framework */; };
/* End PBXBuildFile section */

/* Begin PBXContainerItemProxy section */
		2957396B2758A9AB006F0157 /* PBXContainerItemProxy */ = {
			isa = PBXContainerItemProxy;
			containerPortal = 2957394C2758A9A7006F0157 /* Project object */;
			proxyType = 1;
			remoteGlobalIDString = 295739532758A9A8006F0157;
			remoteInfo = DGV;
		};
		295739752758A9AB006F0157 /* PBXContainerItemProxy */ = {
			isa = PBXContainerItemProxy;
			containerPortal = 2957394C2758A9A7006F0157 /* Project object */;
			proxyType = 1;
			remoteGlobalIDString = 295739532758A9A8006F0157;
			remoteInfo = DGV;
		};
/* End PBXContainerItemProxy section */

/* Begin PBXFileReference section */
		0766DB2898AF730D14E1AF58 /* Pods-DGVTests.release.xcconfig */ = {isa = PBXFileReference; includeInIndex = 1; lastKnownFileType = text.xcconfig; name = "Pods-DGVTests.release.xcconfig"; path = "Target Support Files/Pods-DGVTests/Pods-DGVTests.release.xcconfig"; sourceTree = "<group>"; };
		2190D49059AEBF80C0F67207 /* Pods-DGV.debug.xcconfig */ = {isa = PBXFileReference; includeInIndex = 1; lastKnownFileType = text.xcconfig; name = "Pods-DGV.debug.xcconfig"; path = "Target Support Files/Pods-DGV/Pods-DGV.debug.xcconfig"; sourceTree = "<group>"; };
		290F4A34275DF18A00980270 /* Constants.swift */ = {isa = PBXFileReference; lastKnownFileType = sourcecode.swift; path = Constants.swift; sourceTree = "<group>"; };
		290F4A38275E0D3C00980270 /* MyAlamofireManager.swift */ = {isa = PBXFileReference; lastKnownFileType = sourcecode.swift; path = MyAlamofireManager.swift; sourceTree = "<group>"; };
		290F4A3A275E0E2800980270 /* BaseInterceptor.swift */ = {isa = PBXFileReference; lastKnownFileType = sourcecode.swift; path = BaseInterceptor.swift; sourceTree = "<group>"; };
		290F4A3C275E190B00980270 /* MyLogger.swift */ = {isa = PBXFileReference; lastKnownFileType = sourcecode.swift; path = MyLogger.swift; sourceTree = "<group>"; };
		290F4A3E275E1A4000980270 /* MyApiStatusLogger.swift */ = {isa = PBXFileReference; lastKnownFileType = sourcecode.swift; path = MyApiStatusLogger.swift; sourceTree = "<group>"; };
		290F4A40275F4A7600980270 /* MySearchRouter.swift */ = {isa = PBXFileReference; lastKnownFileType = sourcecode.swift; path = MySearchRouter.swift; sourceTree = "<group>"; };
		295739542758A9A8006F0157 /* DGV.app */ = {isa = PBXFileReference; explicitFileType = wrapper.application; includeInIndex = 0; path = DGV.app; sourceTree = BUILT_PRODUCTS_DIR; };
		295739572758A9A8006F0157 /* AppDelegate.swift */ = {isa = PBXFileReference; lastKnownFileType = sourcecode.swift; path = AppDelegate.swift; sourceTree = "<group>"; };
		295739592758A9A8006F0157 /* SceneDelegate.swift */ = {isa = PBXFileReference; lastKnownFileType = sourcecode.swift; path = SceneDelegate.swift; sourceTree = "<group>"; };
		2957395B2758A9A8006F0157 /* MovieListViewController.swift */ = {isa = PBXFileReference; lastKnownFileType = sourcecode.swift; path = MovieListViewController.swift; sourceTree = "<group>"; };
		2957395E2758A9A8006F0157 /* Base */ = {isa = PBXFileReference; lastKnownFileType = file.storyboard; name = Base; path = Base.lproj/Main.storyboard; sourceTree = "<group>"; };
		295739602758A9AA006F0157 /* Assets.xcassets */ = {isa = PBXFileReference; lastKnownFileType = folder.assetcatalog; path = Assets.xcassets; sourceTree = "<group>"; };
		295739632758A9AA006F0157 /* Base */ = {isa = PBXFileReference; lastKnownFileType = file.storyboard; name = Base; path = Base.lproj/LaunchScreen.storyboard; sourceTree = "<group>"; };
		295739652758A9AA006F0157 /* Info.plist */ = {isa = PBXFileReference; lastKnownFileType = text.plist.xml; path = Info.plist; sourceTree = "<group>"; };
		2957396A2758A9AB006F0157 /* DGVTests.xctest */ = {isa = PBXFileReference; explicitFileType = wrapper.cfbundle; includeInIndex = 0; path = DGVTests.xctest; sourceTree = BUILT_PRODUCTS_DIR; };
		2957396E2758A9AB006F0157 /* DGVTests.swift */ = {isa = PBXFileReference; lastKnownFileType = sourcecode.swift; path = DGVTests.swift; sourceTree = "<group>"; };
		295739742758A9AB006F0157 /* DGVUITests.xctest */ = {isa = PBXFileReference; explicitFileType = wrapper.cfbundle; includeInIndex = 0; path = DGVUITests.xctest; sourceTree = BUILT_PRODUCTS_DIR; };
		295739782758A9AB006F0157 /* DGVUITests.swift */ = {isa = PBXFileReference; lastKnownFileType = sourcecode.swift; path = DGVUITests.swift; sourceTree = "<group>"; };
		2957397A2758A9AB006F0157 /* DGVUITestsLaunchTests.swift */ = {isa = PBXFileReference; lastKnownFileType = sourcecode.swift; path = DGVUITestsLaunchTests.swift; sourceTree = "<group>"; };
		2957398A275B6E32006F0157 /* Movie.swift */ = {isa = PBXFileReference; lastKnownFileType = sourcecode.swift; path = Movie.swift; sourceTree = "<group>"; };
		2957398D275B82B2006F0157 /* SCDream3.otf */ = {isa = PBXFileReference; lastKnownFileType = file; path = SCDream3.otf; sourceTree = "<group>"; };
		2957398F275B82BE006F0157 /* SCDream5.otf */ = {isa = PBXFileReference; lastKnownFileType = file; path = SCDream5.otf; sourceTree = "<group>"; };
		29969F13275CAAA00020E172 /* MovieListCell.swift */ = {isa = PBXFileReference; lastKnownFileType = sourcecode.swift; path = MovieListCell.swift; sourceTree = "<group>"; };
		572C70D0FD33A1C91E0BA26D /* Pods_DGVTests.framework */ = {isa = PBXFileReference; explicitFileType = wrapper.framework; includeInIndex = 0; path = Pods_DGVTests.framework; sourceTree = BUILT_PRODUCTS_DIR; };
		603B92E68D28F24F109362A9 /* Pods_DGV.framework */ = {isa = PBXFileReference; explicitFileType = wrapper.framework; includeInIndex = 0; path = Pods_DGV.framework; sourceTree = BUILT_PRODUCTS_DIR; };
		9357C213363906E1BCB7582B /* Pods_DGV_DGVUITests.framework */ = {isa = PBXFileReference; explicitFileType = wrapper.framework; includeInIndex = 0; path = Pods_DGV_DGVUITests.framework; sourceTree = BUILT_PRODUCTS_DIR; };
		A2E60ED3BC0111428E3EAF77 /* Pods-DGVTests.debug.xcconfig */ = {isa = PBXFileReference; includeInIndex = 1; lastKnownFileType = text.xcconfig; name = "Pods-DGVTests.debug.xcconfig"; path = "Target Support Files/Pods-DGVTests/Pods-DGVTests.debug.xcconfig"; sourceTree = "<group>"; };
		B51FE7F4BE359B56BEA0FFB8 /* Pods-DGV.release.xcconfig */ = {isa = PBXFileReference; includeInIndex = 1; lastKnownFileType = text.xcconfig; name = "Pods-DGV.release.xcconfig"; path = "Target Support Files/Pods-DGV/Pods-DGV.release.xcconfig"; sourceTree = "<group>"; };
		CC90CF411939765A2FD714ED /* Pods-DGV-DGVUITests.debug.xcconfig */ = {isa = PBXFileReference; includeInIndex = 1; lastKnownFileType = text.xcconfig; name = "Pods-DGV-DGVUITests.debug.xcconfig"; path = "Target Support Files/Pods-DGV-DGVUITests/Pods-DGV-DGVUITests.debug.xcconfig"; sourceTree = "<group>"; };
		DA0BAD7B335F755635319EE7 /* Pods-DGV-DGVUITests.release.xcconfig */ = {isa = PBXFileReference; includeInIndex = 1; lastKnownFileType = text.xcconfig; name = "Pods-DGV-DGVUITests.release.xcconfig"; path = "Target Support Files/Pods-DGV-DGVUITests/Pods-DGV-DGVUITests.release.xcconfig"; sourceTree = "<group>"; };
/* End PBXFileReference section */

/* Begin PBXFrameworksBuildPhase section */
		295739512758A9A8006F0157 /* Frameworks */ = {
			isa = PBXFrameworksBuildPhase;
			buildActionMask = 2147483647;
			files = (
				C61DB30AE355EAF31CEF3D16 /* Pods_DGV.framework in Frameworks */,
			);
			runOnlyForDeploymentPostprocessing = 0;
		};
		295739672758A9AB006F0157 /* Frameworks */ = {
			isa = PBXFrameworksBuildPhase;
			buildActionMask = 2147483647;
			files = (
				07D1854552F9B99562C94864 /* Pods_DGVTests.framework in Frameworks */,
			);
			runOnlyForDeploymentPostprocessing = 0;
		};
		295739712758A9AB006F0157 /* Frameworks */ = {
			isa = PBXFrameworksBuildPhase;
			buildActionMask = 2147483647;
			files = (
				76B2094B2E86F2A79B74A33D /* Pods_DGV_DGVUITests.framework in Frameworks */,
			);
			runOnlyForDeploymentPostprocessing = 0;
		};
/* End PBXFrameworksBuildPhase section */

/* Begin PBXGroup section */
		290F4A33275DF17500980270 /* Utils */ = {
			isa = PBXGroup;
			children = (
				290F4A34275DF18A00980270 /* Constants.swift */,
			);
			path = Utils;
			sourceTree = "<group>";
		};
		290F4A36275E07BD00980270 /* API */ = {
			isa = PBXGroup;
			children = (
				290F4A38275E0D3C00980270 /* MyAlamofireManager.swift */,
				290F4A40275F4A7600980270 /* MySearchRouter.swift */,
				290F4A3A275E0E2800980270 /* BaseInterceptor.swift */,
				290F4A3C275E190B00980270 /* MyLogger.swift */,
				290F4A3E275E1A4000980270 /* MyApiStatusLogger.swift */,
			);
			path = API;
			sourceTree = "<group>";
		};
		2957394B2758A9A7006F0157 = {
			isa = PBXGroup;
			children = (
				295739562758A9A8006F0157 /* DGV */,
				2957396D2758A9AB006F0157 /* DGVTests */,
				295739772758A9AB006F0157 /* DGVUITests */,
				295739552758A9A8006F0157 /* Products */,
				CDE5BE0C08403DE514863F47 /* Pods */,
				B578E3868778512350DFF150 /* Frameworks */,
			);
			sourceTree = "<group>";
		};
		295739552758A9A8006F0157 /* Products */ = {
			isa = PBXGroup;
			children = (
				295739542758A9A8006F0157 /* DGV.app */,
				2957396A2758A9AB006F0157 /* DGVTests.xctest */,
				295739742758A9AB006F0157 /* DGVUITests.xctest */,
			);
			name = Products;
			sourceTree = "<group>";
		};
		295739562758A9A8006F0157 /* DGV */ = {
			isa = PBXGroup;
			children = (
				290F4A36275E07BD00980270 /* API */,
				290F4A33275DF17500980270 /* Utils */,
				2957398C275B8254006F0157 /* Font */,
				29573989275B6D43006F0157 /* Views */,
				29573988275B6D38006F0157 /* Controllers */,
				29573987275B6D2F006F0157 /* Data Model */,
				295739572758A9A8006F0157 /* AppDelegate.swift */,
				295739592758A9A8006F0157 /* SceneDelegate.swift */,
				295739602758A9AA006F0157 /* Assets.xcassets */,
				295739652758A9AA006F0157 /* Info.plist */,
			);
			path = DGV;
			sourceTree = "<group>";
		};
		2957396D2758A9AB006F0157 /* DGVTests */ = {
			isa = PBXGroup;
			children = (
				2957396E2758A9AB006F0157 /* DGVTests.swift */,
			);
			path = DGVTests;
			sourceTree = "<group>";
		};
		295739772758A9AB006F0157 /* DGVUITests */ = {
			isa = PBXGroup;
			children = (
				295739782758A9AB006F0157 /* DGVUITests.swift */,
				2957397A2758A9AB006F0157 /* DGVUITestsLaunchTests.swift */,
			);
			path = DGVUITests;
			sourceTree = "<group>";
		};
		29573987275B6D2F006F0157 /* Data Model */ = {
			isa = PBXGroup;
			children = (
				2957398A275B6E32006F0157 /* Movie.swift */,
			);
			path = "Data Model";
			sourceTree = "<group>";
		};
		29573988275B6D38006F0157 /* Controllers */ = {
			isa = PBXGroup;
			children = (
				2957395B2758A9A8006F0157 /* MovieListViewController.swift */,
				29969F13275CAAA00020E172 /* MovieListCell.swift */,
			);
			path = Controllers;
			sourceTree = "<group>";
		};
		29573989275B6D43006F0157 /* Views */ = {
			isa = PBXGroup;
			children = (
				2957395D2758A9A8006F0157 /* Main.storyboard */,
				295739622758A9AA006F0157 /* LaunchScreen.storyboard */,
			);
			path = Views;
			sourceTree = "<group>";
		};
		2957398C275B8254006F0157 /* Font */ = {
			isa = PBXGroup;
			children = (
				2957398D275B82B2006F0157 /* SCDream3.otf */,
				2957398F275B82BE006F0157 /* SCDream5.otf */,
			);
			path = Font;
			sourceTree = "<group>";
		};
		B578E3868778512350DFF150 /* Frameworks */ = {
			isa = PBXGroup;
			children = (
				603B92E68D28F24F109362A9 /* Pods_DGV.framework */,
				9357C213363906E1BCB7582B /* Pods_DGV_DGVUITests.framework */,
				572C70D0FD33A1C91E0BA26D /* Pods_DGVTests.framework */,
			);
			name = Frameworks;
			sourceTree = "<group>";
		};
		CDE5BE0C08403DE514863F47 /* Pods */ = {
			isa = PBXGroup;
			children = (
				2190D49059AEBF80C0F67207 /* Pods-DGV.debug.xcconfig */,
				B51FE7F4BE359B56BEA0FFB8 /* Pods-DGV.release.xcconfig */,
				CC90CF411939765A2FD714ED /* Pods-DGV-DGVUITests.debug.xcconfig */,
				DA0BAD7B335F755635319EE7 /* Pods-DGV-DGVUITests.release.xcconfig */,
				A2E60ED3BC0111428E3EAF77 /* Pods-DGVTests.debug.xcconfig */,
				0766DB2898AF730D14E1AF58 /* Pods-DGVTests.release.xcconfig */,
			);
			path = Pods;
			sourceTree = "<group>";
		};
/* End PBXGroup section */

/* Begin PBXNativeTarget section */
		295739532758A9A8006F0157 /* DGV */ = {
			isa = PBXNativeTarget;
			buildConfigurationList = 2957397E2758A9AB006F0157 /* Build configuration list for PBXNativeTarget "DGV" */;
			buildPhases = (
				51E1047A20FEE07893839189 /* [CP] Check Pods Manifest.lock */,
				295739502758A9A8006F0157 /* Sources */,
				295739512758A9A8006F0157 /* Frameworks */,
				295739522758A9A8006F0157 /* Resources */,
				9B8B9660BCC6F38E3EDBD154 /* [CP] Embed Pods Frameworks */,
			);
			buildRules = (
			);
			dependencies = (
			);
			name = DGV;
			productName = DGV;
			productReference = 295739542758A9A8006F0157 /* DGV.app */;
			productType = "com.apple.product-type.application";
		};
		295739692758A9AB006F0157 /* DGVTests */ = {
			isa = PBXNativeTarget;
			buildConfigurationList = 295739812758A9AB006F0157 /* Build configuration list for PBXNativeTarget "DGVTests" */;
			buildPhases = (
				4BA9B8C7EA9A37C00682FB30 /* [CP] Check Pods Manifest.lock */,
				295739662758A9AB006F0157 /* Sources */,
				295739672758A9AB006F0157 /* Frameworks */,
				295739682758A9AB006F0157 /* Resources */,
			);
			buildRules = (
			);
			dependencies = (
				2957396C2758A9AB006F0157 /* PBXTargetDependency */,
			);
			name = DGVTests;
			productName = DGVTests;
			productReference = 2957396A2758A9AB006F0157 /* DGVTests.xctest */;
			productType = "com.apple.product-type.bundle.unit-test";
		};
		295739732758A9AB006F0157 /* DGVUITests */ = {
			isa = PBXNativeTarget;
			buildConfigurationList = 295739842758A9AB006F0157 /* Build configuration list for PBXNativeTarget "DGVUITests" */;
			buildPhases = (
				4CC2805D7482CC28B209C320 /* [CP] Check Pods Manifest.lock */,
				295739702758A9AB006F0157 /* Sources */,
				295739712758A9AB006F0157 /* Frameworks */,
				295739722758A9AB006F0157 /* Resources */,
				94028725F4B493442EA7E5E5 /* [CP] Embed Pods Frameworks */,
			);
			buildRules = (
			);
			dependencies = (
				295739762758A9AB006F0157 /* PBXTargetDependency */,
			);
			name = DGVUITests;
			productName = DGVUITests;
			productReference = 295739742758A9AB006F0157 /* DGVUITests.xctest */;
			productType = "com.apple.product-type.bundle.ui-testing";
		};
/* End PBXNativeTarget section */

/* Begin PBXProject section */
		2957394C2758A9A7006F0157 /* Project object */ = {
			isa = PBXProject;
			attributes = {
				BuildIndependentTargetsInParallel = 1;
				LastSwiftUpdateCheck = 1310;
				LastUpgradeCheck = 1310;
				TargetAttributes = {
					295739532758A9A8006F0157 = {
						CreatedOnToolsVersion = 13.1;
					};
					295739692758A9AB006F0157 = {
						CreatedOnToolsVersion = 13.1;
						TestTargetID = 295739532758A9A8006F0157;
					};
					295739732758A9AB006F0157 = {
						CreatedOnToolsVersion = 13.1;
						TestTargetID = 295739532758A9A8006F0157;
					};
				};
			};
			buildConfigurationList = 2957394F2758A9A7006F0157 /* Build configuration list for PBXProject "DGV" */;
			compatibilityVersion = "Xcode 13.0";
			developmentRegion = en;
			hasScannedForEncodings = 0;
			knownRegions = (
				en,
				Base,
			);
			mainGroup = 2957394B2758A9A7006F0157;
			productRefGroup = 295739552758A9A8006F0157 /* Products */;
			projectDirPath = "";
			projectRoot = "";
			targets = (
				295739532758A9A8006F0157 /* DGV */,
				295739692758A9AB006F0157 /* DGVTests */,
				295739732758A9AB006F0157 /* DGVUITests */,
			);
		};
/* End PBXProject section */

/* Begin PBXResourcesBuildPhase section */
		295739522758A9A8006F0157 /* Resources */ = {
			isa = PBXResourcesBuildPhase;
			buildActionMask = 2147483647;
			files = (
				29573990275B82BE006F0157 /* SCDream5.otf in Resources */,
				295739642758A9AA006F0157 /* LaunchScreen.storyboard in Resources */,
				2957398E275B82B2006F0157 /* SCDream3.otf in Resources */,
				295739612758A9AA006F0157 /* Assets.xcassets in Resources */,
				2957395F2758A9A8006F0157 /* Main.storyboard in Resources */,
			);
			runOnlyForDeploymentPostprocessing = 0;
		};
		295739682758A9AB006F0157 /* Resources */ = {
			isa = PBXResourcesBuildPhase;
			buildActionMask = 2147483647;
			files = (
			);
			runOnlyForDeploymentPostprocessing = 0;
		};
		295739722758A9AB006F0157 /* Resources */ = {
			isa = PBXResourcesBuildPhase;
			buildActionMask = 2147483647;
			files = (
			);
			runOnlyForDeploymentPostprocessing = 0;
		};
/* End PBXResourcesBuildPhase section */

/* Begin PBXShellScriptBuildPhase section */
		4BA9B8C7EA9A37C00682FB30 /* [CP] Check Pods Manifest.lock */ = {
			isa = PBXShellScriptBuildPhase;
			buildActionMask = 2147483647;
			files = (
			);
			inputFileListPaths = (
			);
			inputPaths = (
				"${PODS_PODFILE_DIR_PATH}/Podfile.lock",
				"${PODS_ROOT}/Manifest.lock",
			);
			name = "[CP] Check Pods Manifest.lock";
			outputFileListPaths = (
			);
			outputPaths = (
				"$(DERIVED_FILE_DIR)/Pods-DGVTests-checkManifestLockResult.txt",
			);
			runOnlyForDeploymentPostprocessing = 0;
			shellPath = /bin/sh;
			shellScript = "diff \"${PODS_PODFILE_DIR_PATH}/Podfile.lock\" \"${PODS_ROOT}/Manifest.lock\" > /dev/null\nif [ $? != 0 ] ; then\n    # print error to STDERR\n    echo \"error: The sandbox is not in sync with the Podfile.lock. Run 'pod install' or update your CocoaPods installation.\" >&2\n    exit 1\nfi\n# This output is used by Xcode 'outputs' to avoid re-running this script phase.\necho \"SUCCESS\" > \"${SCRIPT_OUTPUT_FILE_0}\"\n";
			showEnvVarsInLog = 0;
		};
		4CC2805D7482CC28B209C320 /* [CP] Check Pods Manifest.lock */ = {
			isa = PBXShellScriptBuildPhase;
			buildActionMask = 2147483647;
			files = (
			);
			inputFileListPaths = (
			);
			inputPaths = (
				"${PODS_PODFILE_DIR_PATH}/Podfile.lock",
				"${PODS_ROOT}/Manifest.lock",
			);
			name = "[CP] Check Pods Manifest.lock";
			outputFileListPaths = (
			);
			outputPaths = (
				"$(DERIVED_FILE_DIR)/Pods-DGV-DGVUITests-checkManifestLockResult.txt",
			);
			runOnlyForDeploymentPostprocessing = 0;
			shellPath = /bin/sh;
			shellScript = "diff \"${PODS_PODFILE_DIR_PATH}/Podfile.lock\" \"${PODS_ROOT}/Manifest.lock\" > /dev/null\nif [ $? != 0 ] ; then\n    # print error to STDERR\n    echo \"error: The sandbox is not in sync with the Podfile.lock. Run 'pod install' or update your CocoaPods installation.\" >&2\n    exit 1\nfi\n# This output is used by Xcode 'outputs' to avoid re-running this script phase.\necho \"SUCCESS\" > \"${SCRIPT_OUTPUT_FILE_0}\"\n";
			showEnvVarsInLog = 0;
		};
		51E1047A20FEE07893839189 /* [CP] Check Pods Manifest.lock */ = {
			isa = PBXShellScriptBuildPhase;
			buildActionMask = 2147483647;
			files = (
			);
			inputFileListPaths = (
			);
			inputPaths = (
				"${PODS_PODFILE_DIR_PATH}/Podfile.lock",
				"${PODS_ROOT}/Manifest.lock",
			);
			name = "[CP] Check Pods Manifest.lock";
			outputFileListPaths = (
			);
			outputPaths = (
				"$(DERIVED_FILE_DIR)/Pods-DGV-checkManifestLockResult.txt",
			);
			runOnlyForDeploymentPostprocessing = 0;
			shellPath = /bin/sh;
			shellScript = "diff \"${PODS_PODFILE_DIR_PATH}/Podfile.lock\" \"${PODS_ROOT}/Manifest.lock\" > /dev/null\nif [ $? != 0 ] ; then\n    # print error to STDERR\n    echo \"error: The sandbox is not in sync with the Podfile.lock. Run 'pod install' or update your CocoaPods installation.\" >&2\n    exit 1\nfi\n# This output is used by Xcode 'outputs' to avoid re-running this script phase.\necho \"SUCCESS\" > \"${SCRIPT_OUTPUT_FILE_0}\"\n";
			showEnvVarsInLog = 0;
		};
		94028725F4B493442EA7E5E5 /* [CP] Embed Pods Frameworks */ = {
			isa = PBXShellScriptBuildPhase;
			buildActionMask = 2147483647;
			files = (
			);
			inputFileListPaths = (
				"${PODS_ROOT}/Target Support Files/Pods-DGV-DGVUITests/Pods-DGV-DGVUITests-frameworks-${CONFIGURATION}-input-files.xcfilelist",
			);
			name = "[CP] Embed Pods Frameworks";
			outputFileListPaths = (
				"${PODS_ROOT}/Target Support Files/Pods-DGV-DGVUITests/Pods-DGV-DGVUITests-frameworks-${CONFIGURATION}-output-files.xcfilelist",
			);
			runOnlyForDeploymentPostprocessing = 0;
			shellPath = /bin/sh;
			shellScript = "\"${PODS_ROOT}/Target Support Files/Pods-DGV-DGVUITests/Pods-DGV-DGVUITests-frameworks.sh\"\n";
			showEnvVarsInLog = 0;
		};
		9B8B9660BCC6F38E3EDBD154 /* [CP] Embed Pods Frameworks */ = {
			isa = PBXShellScriptBuildPhase;
			buildActionMask = 2147483647;
			files = (
			);
			inputFileListPaths = (
				"${PODS_ROOT}/Target Support Files/Pods-DGV/Pods-DGV-frameworks-${CONFIGURATION}-input-files.xcfilelist",
			);
			name = "[CP] Embed Pods Frameworks";
			outputFileListPaths = (
				"${PODS_ROOT}/Target Support Files/Pods-DGV/Pods-DGV-frameworks-${CONFIGURATION}-output-files.xcfilelist",
			);
			runOnlyForDeploymentPostprocessing = 0;
			shellPath = /bin/sh;
			shellScript = "\"${PODS_ROOT}/Target Support Files/Pods-DGV/Pods-DGV-frameworks.sh\"\n";
			showEnvVarsInLog = 0;
		};
/* End PBXShellScriptBuildPhase section */

/* Begin PBXSourcesBuildPhase section */
		295739502758A9A8006F0157 /* Sources */ = {
			isa = PBXSourcesBuildPhase;
			buildActionMask = 2147483647;
			files = (
				290F4A3F275E1A4000980270 /* MyApiStatusLogger.swift in Sources */,
				29969F14275CAAA00020E172 /* MovieListCell.swift in Sources */,
				290F4A41275F4A7600980270 /* MySearchRouter.swift in Sources */,
				2957395C2758A9A8006F0157 /* MovieListViewController.swift in Sources */,
				295739582758A9A8006F0157 /* AppDelegate.swift in Sources */,
				2957398B275B6E33006F0157 /* Movie.swift in Sources */,
				2957395A2758A9A8006F0157 /* SceneDelegate.swift in Sources */,
				290F4A3B275E0E2800980270 /* BaseInterceptor.swift in Sources */,
				290F4A3D275E190B00980270 /* MyLogger.swift in Sources */,
				290F4A39275E0D3C00980270 /* MyAlamofireManager.swift in Sources */,
				290F4A35275DF18A00980270 /* Constants.swift in Sources */,
			);
			runOnlyForDeploymentPostprocessing = 0;
		};
		295739662758A9AB006F0157 /* Sources */ = {
			isa = PBXSourcesBuildPhase;
			buildActionMask = 2147483647;
			files = (
				2957396F2758A9AB006F0157 /* DGVTests.swift in Sources */,
			);
			runOnlyForDeploymentPostprocessing = 0;
		};
		295739702758A9AB006F0157 /* Sources */ = {
			isa = PBXSourcesBuildPhase;
			buildActionMask = 2147483647;
			files = (
				2957397B2758A9AB006F0157 /* DGVUITestsLaunchTests.swift in Sources */,
				295739792758A9AB006F0157 /* DGVUITests.swift in Sources */,
			);
			runOnlyForDeploymentPostprocessing = 0;
		};
/* End PBXSourcesBuildPhase section */

/* Begin PBXTargetDependency section */
		2957396C2758A9AB006F0157 /* PBXTargetDependency */ = {
			isa = PBXTargetDependency;
			target = 295739532758A9A8006F0157 /* DGV */;
			targetProxy = 2957396B2758A9AB006F0157 /* PBXContainerItemProxy */;
		};
		295739762758A9AB006F0157 /* PBXTargetDependency */ = {
			isa = PBXTargetDependency;
			target = 295739532758A9A8006F0157 /* DGV */;
			targetProxy = 295739752758A9AB006F0157 /* PBXContainerItemProxy */;
		};
/* End PBXTargetDependency section */

/* Begin PBXVariantGroup section */
		2957395D2758A9A8006F0157 /* Main.storyboard */ = {
			isa = PBXVariantGroup;
			children = (
				2957395E2758A9A8006F0157 /* Base */,
			);
			name = Main.storyboard;
			sourceTree = "<group>";
		};
		295739622758A9AA006F0157 /* LaunchScreen.storyboard */ = {
			isa = PBXVariantGroup;
			children = (
				295739632758A9AA006F0157 /* Base */,
			);
			name = LaunchScreen.storyboard;
			sourceTree = "<group>";
		};
/* End PBXVariantGroup section */

/* Begin XCBuildConfiguration section */
		2957397C2758A9AB006F0157 /* Debug */ = {
			isa = XCBuildConfiguration;
			buildSettings = {
				ALWAYS_SEARCH_USER_PATHS = NO;
				CLANG_ANALYZER_NONNULL = YES;
				CLANG_ANALYZER_NUMBER_OBJECT_CONVERSION = YES_AGGRESSIVE;
				CLANG_CXX_LANGUAGE_STANDARD = "gnu++17";
				CLANG_CXX_LIBRARY = "libc++";
				CLANG_ENABLE_MODULES = YES;
				CLANG_ENABLE_OBJC_ARC = YES;
				CLANG_ENABLE_OBJC_WEAK = YES;
				CLANG_WARN_BLOCK_CAPTURE_AUTORELEASING = YES;
				CLANG_WARN_BOOL_CONVERSION = YES;
				CLANG_WARN_COMMA = YES;
				CLANG_WARN_CONSTANT_CONVERSION = YES;
				CLANG_WARN_DEPRECATED_OBJC_IMPLEMENTATIONS = YES;
				CLANG_WARN_DIRECT_OBJC_ISA_USAGE = YES_ERROR;
				CLANG_WARN_DOCUMENTATION_COMMENTS = YES;
				CLANG_WARN_EMPTY_BODY = YES;
				CLANG_WARN_ENUM_CONVERSION = YES;
				CLANG_WARN_INFINITE_RECURSION = YES;
				CLANG_WARN_INT_CONVERSION = YES;
				CLANG_WARN_NON_LITERAL_NULL_CONVERSION = YES;
				CLANG_WARN_OBJC_IMPLICIT_RETAIN_SELF = YES;
				CLANG_WARN_OBJC_LITERAL_CONVERSION = YES;
				CLANG_WARN_OBJC_ROOT_CLASS = YES_ERROR;
				CLANG_WARN_QUOTED_INCLUDE_IN_FRAMEWORK_HEADER = YES;
				CLANG_WARN_RANGE_LOOP_ANALYSIS = YES;
				CLANG_WARN_STRICT_PROTOTYPES = YES;
				CLANG_WARN_SUSPICIOUS_MOVE = YES;
				CLANG_WARN_UNGUARDED_AVAILABILITY = YES_AGGRESSIVE;
				CLANG_WARN_UNREACHABLE_CODE = YES;
				CLANG_WARN__DUPLICATE_METHOD_MATCH = YES;
				COPY_PHASE_STRIP = NO;
				DEBUG_INFORMATION_FORMAT = dwarf;
				ENABLE_STRICT_OBJC_MSGSEND = YES;
				ENABLE_TESTABILITY = YES;
				GCC_C_LANGUAGE_STANDARD = gnu11;
				GCC_DYNAMIC_NO_PIC = NO;
				GCC_NO_COMMON_BLOCKS = YES;
				GCC_OPTIMIZATION_LEVEL = 0;
				GCC_PREPROCESSOR_DEFINITIONS = (
					"DEBUG=1",
					"$(inherited)",
				);
				GCC_WARN_64_TO_32_BIT_CONVERSION = YES;
				GCC_WARN_ABOUT_RETURN_TYPE = YES_ERROR;
				GCC_WARN_UNDECLARED_SELECTOR = YES;
				GCC_WARN_UNINITIALIZED_AUTOS = YES_AGGRESSIVE;
				GCC_WARN_UNUSED_FUNCTION = YES;
				GCC_WARN_UNUSED_VARIABLE = YES;
				IPHONEOS_DEPLOYMENT_TARGET = 15.0;
				MTL_ENABLE_DEBUG_INFO = INCLUDE_SOURCE;
				MTL_FAST_MATH = YES;
				ONLY_ACTIVE_ARCH = YES;
				SDKROOT = iphoneos;
				SWIFT_ACTIVE_COMPILATION_CONDITIONS = DEBUG;
				SWIFT_OPTIMIZATION_LEVEL = "-Onone";
			};
			name = Debug;
		};
		2957397D2758A9AB006F0157 /* Release */ = {
			isa = XCBuildConfiguration;
			buildSettings = {
				ALWAYS_SEARCH_USER_PATHS = NO;
				CLANG_ANALYZER_NONNULL = YES;
				CLANG_ANALYZER_NUMBER_OBJECT_CONVERSION = YES_AGGRESSIVE;
				CLANG_CXX_LANGUAGE_STANDARD = "gnu++17";
				CLANG_CXX_LIBRARY = "libc++";
				CLANG_ENABLE_MODULES = YES;
				CLANG_ENABLE_OBJC_ARC = YES;
				CLANG_ENABLE_OBJC_WEAK = YES;
				CLANG_WARN_BLOCK_CAPTURE_AUTORELEASING = YES;
				CLANG_WARN_BOOL_CONVERSION = YES;
				CLANG_WARN_COMMA = YES;
				CLANG_WARN_CONSTANT_CONVERSION = YES;
				CLANG_WARN_DEPRECATED_OBJC_IMPLEMENTATIONS = YES;
				CLANG_WARN_DIRECT_OBJC_ISA_USAGE = YES_ERROR;
				CLANG_WARN_DOCUMENTATION_COMMENTS = YES;
				CLANG_WARN_EMPTY_BODY = YES;
				CLANG_WARN_ENUM_CONVERSION = YES;
				CLANG_WARN_INFINITE_RECURSION = YES;
				CLANG_WARN_INT_CONVERSION = YES;
				CLANG_WARN_NON_LITERAL_NULL_CONVERSION = YES;
				CLANG_WARN_OBJC_IMPLICIT_RETAIN_SELF = YES;
				CLANG_WARN_OBJC_LITERAL_CONVERSION = YES;
				CLANG_WARN_OBJC_ROOT_CLASS = YES_ERROR;
				CLANG_WARN_QUOTED_INCLUDE_IN_FRAMEWORK_HEADER = YES;
				CLANG_WARN_RANGE_LOOP_ANALYSIS = YES;
				CLANG_WARN_STRICT_PROTOTYPES = YES;
				CLANG_WARN_SUSPICIOUS_MOVE = YES;
				CLANG_WARN_UNGUARDED_AVAILABILITY = YES_AGGRESSIVE;
				CLANG_WARN_UNREACHABLE_CODE = YES;
				CLANG_WARN__DUPLICATE_METHOD_MATCH = YES;
				COPY_PHASE_STRIP = NO;
				DEBUG_INFORMATION_FORMAT = "dwarf-with-dsym";
				ENABLE_NS_ASSERTIONS = NO;
				ENABLE_STRICT_OBJC_MSGSEND = YES;
				GCC_C_LANGUAGE_STANDARD = gnu11;
				GCC_NO_COMMON_BLOCKS = YES;
				GCC_WARN_64_TO_32_BIT_CONVERSION = YES;
				GCC_WARN_ABOUT_RETURN_TYPE = YES_ERROR;
				GCC_WARN_UNDECLARED_SELECTOR = YES;
				GCC_WARN_UNINITIALIZED_AUTOS = YES_AGGRESSIVE;
				GCC_WARN_UNUSED_FUNCTION = YES;
				GCC_WARN_UNUSED_VARIABLE = YES;
				IPHONEOS_DEPLOYMENT_TARGET = 15.0;
				MTL_ENABLE_DEBUG_INFO = NO;
				MTL_FAST_MATH = YES;
				SDKROOT = iphoneos;
				SWIFT_COMPILATION_MODE = wholemodule;
				SWIFT_OPTIMIZATION_LEVEL = "-O";
				VALIDATE_PRODUCT = YES;
			};
			name = Release;
		};
		2957397F2758A9AB006F0157 /* Debug */ = {
			isa = XCBuildConfiguration;
			baseConfigurationReference = 2190D49059AEBF80C0F67207 /* Pods-DGV.debug.xcconfig */;
			buildSettings = {
				ASSETCATALOG_COMPILER_APPICON_NAME = AppIcon;
				ASSETCATALOG_COMPILER_GLOBAL_ACCENT_COLOR_NAME = AccentColor;
				CODE_SIGN_STYLE = Automatic;
				CURRENT_PROJECT_VERSION = 1;
				DEVELOPMENT_TEAM = 87BH34CAP6;
				GENERATE_INFOPLIST_FILE = YES;
				INFOPLIST_FILE = DGV/Info.plist;
				INFOPLIST_KEY_UIApplicationSupportsIndirectInputEvents = YES;
				INFOPLIST_KEY_UILaunchStoryboardName = LaunchScreen;
				INFOPLIST_KEY_UIMainStoryboardFile = Main;
				INFOPLIST_KEY_UISupportedInterfaceOrientations_iPad = "UIInterfaceOrientationPortrait UIInterfaceOrientationPortraitUpsideDown UIInterfaceOrientationLandscapeLeft UIInterfaceOrientationLandscapeRight";
				INFOPLIST_KEY_UISupportedInterfaceOrientations_iPhone = "UIInterfaceOrientationPortrait UIInterfaceOrientationLandscapeLeft UIInterfaceOrientationLandscapeRight";
				LD_RUNPATH_SEARCH_PATHS = (
					"$(inherited)",
					"@executable_path/Frameworks",
				);
				MARKETING_VERSION = 1.0;
				PRODUCT_BUNDLE_IDENTIFIER = com.dadong.DGV;
				PRODUCT_NAME = "$(TARGET_NAME)";
				SWIFT_EMIT_LOC_STRINGS = YES;
				SWIFT_VERSION = 5.0;
				TARGETED_DEVICE_FAMILY = 1;
			};
			name = Debug;
		};
		295739802758A9AB006F0157 /* Release */ = {
			isa = XCBuildConfiguration;
			baseConfigurationReference = B51FE7F4BE359B56BEA0FFB8 /* Pods-DGV.release.xcconfig */;
			buildSettings = {
				ASSETCATALOG_COMPILER_APPICON_NAME = AppIcon;
				ASSETCATALOG_COMPILER_GLOBAL_ACCENT_COLOR_NAME = AccentColor;
				CODE_SIGN_STYLE = Automatic;
				CURRENT_PROJECT_VERSION = 1;
				DEVELOPMENT_TEAM = 87BH34CAP6;
				GENERATE_INFOPLIST_FILE = YES;
				INFOPLIST_FILE = DGV/Info.plist;
				INFOPLIST_KEY_UIApplicationSupportsIndirectInputEvents = YES;
				INFOPLIST_KEY_UILaunchStoryboardName = LaunchScreen;
				INFOPLIST_KEY_UIMainStoryboardFile = Main;
				INFOPLIST_KEY_UISupportedInterfaceOrientations_iPad = "UIInterfaceOrientationPortrait UIInterfaceOrientationPortraitUpsideDown UIInterfaceOrientationLandscapeLeft UIInterfaceOrientationLandscapeRight";
				INFOPLIST_KEY_UISupportedInterfaceOrientations_iPhone = "UIInterfaceOrientationPortrait UIInterfaceOrientationLandscapeLeft UIInterfaceOrientationLandscapeRight";
				LD_RUNPATH_SEARCH_PATHS = (
					"$(inherited)",
					"@executable_path/Frameworks",
				);
				MARKETING_VERSION = 1.0;
				PRODUCT_BUNDLE_IDENTIFIER = com.dadong.DGV;
				PRODUCT_NAME = "$(TARGET_NAME)";
				SWIFT_EMIT_LOC_STRINGS = YES;
				SWIFT_VERSION = 5.0;
				TARGETED_DEVICE_FAMILY = 1;
			};
			name = Release;
		};
		295739822758A9AB006F0157 /* Debug */ = {
			isa = XCBuildConfiguration;
			baseConfigurationReference = A2E60ED3BC0111428E3EAF77 /* Pods-DGVTests.debug.xcconfig */;
			buildSettings = {
				ALWAYS_EMBED_SWIFT_STANDARD_LIBRARIES = YES;
				BUNDLE_LOADER = "$(TEST_HOST)";
				CODE_SIGN_STYLE = Automatic;
				CURRENT_PROJECT_VERSION = 1;
				DEVELOPMENT_TEAM = 87BH34CAP6;
				GENERATE_INFOPLIST_FILE = YES;
				IPHONEOS_DEPLOYMENT_TARGET = 15.0;
				LD_RUNPATH_SEARCH_PATHS = (
					"$(inherited)",
					"@executable_path/Frameworks",
					"@loader_path/Frameworks",
				);
				MARKETING_VERSION = 1.0;
				PRODUCT_BUNDLE_IDENTIFIER = com.dadong.DGVTests;
				PRODUCT_NAME = "$(TARGET_NAME)";
				SWIFT_EMIT_LOC_STRINGS = NO;
				SWIFT_VERSION = 5.0;
				TARGETED_DEVICE_FAMILY = "1,2";
				TEST_HOST = "$(BUILT_PRODUCTS_DIR)/DGV.app/DGV";
			};
			name = Debug;
		};
		295739832758A9AB006F0157 /* Release */ = {
			isa = XCBuildConfiguration;
			baseConfigurationReference = 0766DB2898AF730D14E1AF58 /* Pods-DGVTests.release.xcconfig */;
			buildSettings = {
				ALWAYS_EMBED_SWIFT_STANDARD_LIBRARIES = YES;
				BUNDLE_LOADER = "$(TEST_HOST)";
				CODE_SIGN_STYLE = Automatic;
				CURRENT_PROJECT_VERSION = 1;
				DEVELOPMENT_TEAM = 87BH34CAP6;
				GENERATE_INFOPLIST_FILE = YES;
				IPHONEOS_DEPLOYMENT_TARGET = 15.0;
				LD_RUNPATH_SEARCH_PATHS = (
					"$(inherited)",
					"@executable_path/Frameworks",
					"@loader_path/Frameworks",
				);
				MARKETING_VERSION = 1.0;
				PRODUCT_BUNDLE_IDENTIFIER = com.dadong.DGVTests;
				PRODUCT_NAME = "$(TARGET_NAME)";
				SWIFT_EMIT_LOC_STRINGS = NO;
				SWIFT_VERSION = 5.0;
				TARGETED_DEVICE_FAMILY = "1,2";
				TEST_HOST = "$(BUILT_PRODUCTS_DIR)/DGV.app/DGV";
			};
			name = Release;
		};
		295739852758A9AB006F0157 /* Debug */ = {
			isa = XCBuildConfiguration;
			baseConfigurationReference = CC90CF411939765A2FD714ED /* Pods-DGV-DGVUITests.debug.xcconfig */;
			buildSettings = {
				ALWAYS_EMBED_SWIFT_STANDARD_LIBRARIES = YES;
				CODE_SIGN_STYLE = Automatic;
				CURRENT_PROJECT_VERSION = 1;
				DEVELOPMENT_TEAM = 87BH34CAP6;
				GENERATE_INFOPLIST_FILE = YES;
				LD_RUNPATH_SEARCH_PATHS = (
					"$(inherited)",
					"@executable_path/Frameworks",
					"@loader_path/Frameworks",
				);
				MARKETING_VERSION = 1.0;
				PRODUCT_BUNDLE_IDENTIFIER = com.dadong.DGVUITests;
				PRODUCT_NAME = "$(TARGET_NAME)";
				SWIFT_EMIT_LOC_STRINGS = NO;
				SWIFT_VERSION = 5.0;
				TARGETED_DEVICE_FAMILY = "1,2";
				TEST_TARGET_NAME = DGV;
			};
			name = Debug;
		};
		295739862758A9AB006F0157 /* Release */ = {
			isa = XCBuildConfiguration;
			baseConfigurationReference = DA0BAD7B335F755635319EE7 /* Pods-DGV-DGVUITests.release.xcconfig */;
			buildSettings = {
				ALWAYS_EMBED_SWIFT_STANDARD_LIBRARIES = YES;
				CODE_SIGN_STYLE = Automatic;
				CURRENT_PROJECT_VERSION = 1;
				DEVELOPMENT_TEAM = 87BH34CAP6;
				GENERATE_INFOPLIST_FILE = YES;
				LD_RUNPATH_SEARCH_PATHS = (
					"$(inherited)",
					"@executable_path/Frameworks",
					"@loader_path/Frameworks",
				);
				MARKETING_VERSION = 1.0;
				PRODUCT_BUNDLE_IDENTIFIER = com.dadong.DGVUITests;
				PRODUCT_NAME = "$(TARGET_NAME)";
				SWIFT_EMIT_LOC_STRINGS = NO;
				SWIFT_VERSION = 5.0;
				TARGETED_DEVICE_FAMILY = "1,2";
				TEST_TARGET_NAME = DGV;
			};
			name = Release;
		};
/* End XCBuildConfiguration section */

/* Begin XCConfigurationList section */
		2957394F2758A9A7006F0157 /* Build configuration list for PBXProject "DGV" */ = {
			isa = XCConfigurationList;
			buildConfigurations = (
				2957397C2758A9AB006F0157 /* Debug */,
				2957397D2758A9AB006F0157 /* Release */,
			);
			defaultConfigurationIsVisible = 0;
			defaultConfigurationName = Release;
		};
		2957397E2758A9AB006F0157 /* Build configuration list for PBXNativeTarget "DGV" */ = {
			isa = XCConfigurationList;
			buildConfigurations = (
				2957397F2758A9AB006F0157 /* Debug */,
				295739802758A9AB006F0157 /* Release */,
			);
			defaultConfigurationIsVisible = 0;
			defaultConfigurationName = Release;
		};
		295739812758A9AB006F0157 /* Build configuration list for PBXNativeTarget "DGVTests" */ = {
			isa = XCConfigurationList;
			buildConfigurations = (
				295739822758A9AB006F0157 /* Debug */,
				295739832758A9AB006F0157 /* Release */,
			);
			defaultConfigurationIsVisible = 0;
			defaultConfigurationName = Release;
		};
		295739842758A9AB006F0157 /* Build configuration list for PBXNativeTarget "DGVUITests" */ = {
			isa = XCConfigurationList;
			buildConfigurations = (
				295739852758A9AB006F0157 /* Debug */,
				295739862758A9AB006F0157 /* Release */,
			);
			defaultConfigurationIsVisible = 0;
			defaultConfigurationName = Release;
		};
/* End XCConfigurationList section */
	};
	rootObject = 2957394C2758A9A7006F0157 /* Project object */;
}
